
Microsoft Visual Studio Solution File, Format Version 12.00
# Visual Studio Version 16
VisualStudioVersion = 25.0.1705.0
MinimumVisualStudioVersion = 10.0.40219.1
Project("{FAE04EC0-301F-11D3-BF4B-00C04F79EFBC}") = "AspNetCoreWebApiOnWasi", "AspNetCoreWebApiOnWasi\AspNetCoreWebApiOnWasi.csproj", "{F3D57ECC-EC80-4F22-BF95-E6C2C89B781E}"
EndProject
Global
	GlobalSection(SolutionConfigurationPlatforms) = preSolution
		Debug|Any CPU = Debug|Any CPU
		Release|Any CPU = Release|Any CPU
	EndGlobalSection
	GlobalSection(ProjectConfigurationPlatforms) = postSolution
		{F3D57ECC-EC80-4F22-BF95-E6C2C89B781E}.Debug|Any CPU.ActiveCfg = Debug|Any CPU
		{F3D57ECC-EC80-4F22-BF95-E6C2C89B781E}.Debug|Any CPU.Build.0 = Debug|Any CPU
		{F3D57ECC-EC80-4F22-BF95-E6C2C89B781E}.Release|Any CPU.ActiveCfg = Release|Any CPU
		{F3D57ECC-EC80-4F22-BF95-E6C2C89B781E}.Release|Any CPU.Build.0 = Release|Any CPU
	EndGlobalSection
	GlobalSection(SolutionProperties) = preSolution
		HideSolutionNode = FALSE
	EndGlobalSection
	GlobalSection(ExtensibilityGlobals) = postSolution
		SolutionGuid = {C7FF5E5F-9E53-4A54-9B0E-08FA1906D290}
	EndGlobalSection
EndGlobal
